# THIS IS AN AUTOGENERATED FILE. DO NOT EDIT THIS FILE DIRECTLY.
# yarn lockfile v1


abbrev@1:
  version "1.1.1"
  resolved "https://registry.yarnpkg.com/abbrev/-/abbrev-1.1.1.tgz#f8f2c887ad10bf67f634f005b6987fed3179aac8"

abbrev@1.0.x:
  version "1.0.9"
  resolved "https://registry.yarnpkg.com/abbrev/-/abbrev-1.0.9.tgz#91b4792588a7738c25f35dd6f63752a2f8776135"

amdefine@>=0.0.4:
  version "1.0.1"
  resolved "https://registry.yarnpkg.com/amdefine/-/amdefine-1.0.1.tgz#4a5282ac164729e93619bcfd3ad151f817ce91f5"

async@0.2.x, async@~0.2.6:
  version "0.2.10"
  resolved "https://registry.yarnpkg.com/async/-/async-0.2.10.tgz#b6bbe0b0674b9d719708ca38de8c237cb526c3d1"

commander@0.6.1:
  version "0.6.1"
  resolved "https://registry.yarnpkg.com/commander/-/commander-0.6.1.tgz#fa68a14f6a945d54dbbe50d8cdb3320e9e3b1a06"

commander@2.3.0:
  version "2.3.0"
  resolved "https://registry.yarnpkg.com/commander/-/commander-2.3.0.tgz#fd430e889832ec353b9acd1de217c11cb3eef873"

debug@2.0.0:
  version "2.0.0"
  resolved "https://registry.yarnpkg.com/debug/-/debug-2.0.0.tgz#89bd9df6732b51256bc6705342bba02ed12131ef"
  dependencies:
    ms "0.6.2"

diff@1.0.8:
  version "1.0.8"
  resolved "https://registry.yarnpkg.com/diff/-/diff-1.0.8.tgz#343276308ec991b7bc82267ed55bc1411f971666"

escape-string-regexp@1.0.2:
  version "1.0.2"
  resolved "https://registry.yarnpkg.com/escape-string-regexp/-/escape-string-regexp-1.0.2.tgz#4dbc2fe674e71949caf3fb2695ce7f2dc1d9a8d1"

escodegen@0.0.23:
  version "0.0.23"
  resolved "https://registry.yarnpkg.com/escodegen/-/escodegen-0.0.23.tgz#9acf978164368e42276571f18839c823b3a844df"
  dependencies:
    esprima "~1.0.2"
    estraverse "~0.0.4"
  optionalDependencies:
    source-map ">= 0.1.2"

esprima@1.0.x, esprima@~1.0.2:
  version "1.0.4"
  resolved "https://registry.yarnpkg.com/esprima/-/esprima-1.0.4.tgz#9f557e08fc3b4d26ece9dd34f8fbf476b62585ad"

estraverse@~0.0.4:
  version "0.0.4"
  resolved "https://registry.yarnpkg.com/estraverse/-/estraverse-0.0.4.tgz#01a0932dfee574684a598af5a67c3bf9b6428db2"

fileset@0.1.x:
  version "0.1.8"
  resolved "https://registry.yarnpkg.com/fileset/-/fileset-0.1.8.tgz#506b91a9396eaa7e32fb42a84077c7a0c736b741"
  dependencies:
    glob "3.x"
    minimatch "0.x"

glob@3.2.3:
  version "3.2.3"
  resolved "https://registry.yarnpkg.com/glob/-/glob-3.2.3.tgz#e313eeb249c7affaa5c475286b0e115b59839467"
  dependencies:
    graceful-fs "~2.0.0"
    inherits "2"
    minimatch "~0.2.11"

glob@3.x:
  version "3.2.11"
  resolved "https://registry.yarnpkg.com/glob/-/glob-3.2.11.tgz#4a973f635b9190f715d10987d5c00fd2815ebe3d"
  dependencies:
    inherits "2"
    minimatch "0.3"

graceful-fs@~2.0.0:
  version "2.0.3"
  resolved "https://registry.yarnpkg.com/graceful-fs/-/graceful-fs-2.0.3.tgz#7cd2cdb228a4a3f36e95efa6cc142de7d1a136d0"

growl@1.8.1:
  version "1.8.1"
  resolved "https://registry.yarnpkg.com/growl/-/growl-1.8.1.tgz#4b2dec8d907e93db336624dcec0183502f8c9428"

handlebars@1.0.x:
  version "1.0.12"
  resolved "https://registry.yarnpkg.com/handlebars/-/handlebars-1.0.12.tgz#18c6d3440c35e91b19b3ff582b9151ab4985d4fc"
  dependencies:
    optimist "~0.3"
    uglify-js "~2.3"

inherits@2:
  version "2.0.3"
  resolved "https://registry.yarnpkg.com/inherits/-/inherits-2.0.3.tgz#633c2c83e3da42a502f52466022480f4208261de"

istanbul@0.1.x:
  version "0.1.46"
  resolved "https://registry.yarnpkg.com/istanbul/-/istanbul-0.1.46.tgz#cefeb1c787d125a6db23bd0f63b0eb9390b0b40d"
  dependencies:
    abbrev "1.0.x"
    async "0.2.x"
    escodegen "0.0.23"
    esprima "1.0.x"
    fileset "0.1.x"
    handlebars "1.0.x"
    mkdirp "0.3.x"
    nopt "2.1.x"
    resolve "0.5.x"
    which "1.0.x"
    wordwrap "0.0.x"

jade@0.26.3:
  version "0.26.3"
  resolved "https://registry.yarnpkg.com/jade/-/jade-0.26.3.tgz#8f10d7977d8d79f2f6ff862a81b0513ccb25686c"
  dependencies:
    commander "0.6.1"
    mkdirp "0.3.0"

lru-cache@2:
  version "2.7.3"
  resolved "https://registry.yarnpkg.com/lru-cache/-/lru-cache-2.7.3.tgz#6d4524e8b955f95d4f5b58851ce21dd72fb4e952"

minimatch@0.3:
  version "0.3.0"
  resolved "https://registry.yarnpkg.com/minimatch/-/minimatch-0.3.0.tgz#275d8edaac4f1bb3326472089e7949c8394699dd"
  dependencies:
    lru-cache "2"
    sigmund "~1.0.0"

minimatch@0.x:
  version "0.4.0"
  resolved "https://registry.yarnpkg.com/minimatch/-/minimatch-0.4.0.tgz#bd2c7d060d2c8c8fd7cde7f1f2ed2d5b270fdb1b"
  dependencies:
    lru-cache "2"
    sigmund "~1.0.0"

minimatch@~0.2.11:
  version "0.2.14"
  resolved "https://registry.yarnpkg.com/minimatch/-/minimatch-0.2.14.tgz#c74e780574f63c6f9a090e90efbe6ef53a6a756a"
  dependencies:
    lru-cache "2"
    sigmund "~1.0.0"

minimist@0.0.8:
  version "0.0.8"
  resolved "https://registry.yarnpkg.com/minimist/-/minimist-0.0.8.tgz#857fcabfc3397d2625b8228262e86aa7a011b05d"

mkdirp@0.3.0:
  version "0.3.0"
  resolved "https://registry.yarnpkg.com/mkdirp/-/mkdirp-0.3.0.tgz#1bbf5ab1ba827af23575143490426455f481fe1e"

mkdirp@0.3.x:
  version "0.3.5"
  resolved "https://registry.yarnpkg.com/mkdirp/-/mkdirp-0.3.5.tgz#de3e5f8961c88c787ee1368df849ac4413eca8d7"

mkdirp@0.5.0:
  version "0.5.0"
  resolved "https://registry.yarnpkg.com/mkdirp/-/mkdirp-0.5.0.tgz#1d73076a6df986cd9344e15e71fcc05a4c9abf12"
  dependencies:
    minimist "0.0.8"

mocha@1.x:
  version "1.21.5"
  resolved "https://registry.yarnpkg.com/mocha/-/mocha-1.21.5.tgz#7c58b09174df976e434a23b1e8d639873fc529e9"
  dependencies:
    commander "2.3.0"
    debug "2.0.0"
    diff "1.0.8"
    escape-string-regexp "1.0.2"
    glob "3.2.3"
    growl "1.8.1"
    jade "0.26.3"
    mkdirp "0.5.0"

ms@0.6.2:
  version "0.6.2"
  resolved "https://registry.yarnpkg.com/ms/-/ms-0.6.2.tgz#d89c2124c6fdc1353d65a8b77bf1aac4b193708c"

nopt@2.1.x:
  version "2.1.2"
  resolved "https://registry.yarnpkg.com/nopt/-/nopt-2.1.2.tgz#6cccd977b80132a07731d6e8ce58c2c8303cf9af"
  dependencies:
    abbrev "1"

optimist@~0.3, optimist@~0.3.5:
  version "0.3.7"
  resolved "https://registry.yarnpkg.com/optimist/-/optimist-0.3.7.tgz#c90941ad59e4273328923074d2cf2e7cbc6ec0d9"
  dependencies:
    wordwrap "~0.0.2"

punycode@1.3.2:
  version "1.3.2"
  resolved "https://registry.yarnpkg.com/punycode/-/punycode-1.3.2.tgz#9653a036fb7c1ee42342f2325cceefea3926c48d"

qs@^6.5.1:
  version "6.5.1"
  resolved "https://registry.yarnpkg.com/qs/-/qs-6.5.1.tgz#349cdf6eef89ec45c12d7d5eb3fc0c870343a6d8"

querystring@0.2.0:
  version "0.2.0"
  resolved "https://registry.yarnpkg.com/querystring/-/querystring-0.2.0.tgz#b209849203bb25df820da756e747005878521620"

resolve@0.5.x:
  version "0.5.1"
  resolved "https://registry.yarnpkg.com/resolve/-/resolve-0.5.1.tgz#15e4a222c4236bcd4cf85454412c2d0fb6524576"

should@0.6.x:
  version "0.6.3"
  resolved "https://registry.yarnpkg.com/should/-/should-0.6.3.tgz#d4b55335c8908f3a6c47970b687f750372acdc73"

sigmund@~1.0.0:
  version "1.0.1"
  resolved "https://registry.yarnpkg.com/sigmund/-/sigmund-1.0.1.tgz#3ff21f198cad2175f9f3b781853fd94d0d19b590"

"source-map@>= 0.1.2":
  version "0.6.1"
  resolved "https://registry.yarnpkg.com/source-map/-/source-map-0.6.1.tgz#74722af32e9614e9c287a8d0bbde48b5e2f1a263"

source-map@~0.1.7:
  version "0.1.43"
  resolved "https://registry.yarnpkg.com/source-map/-/source-map-0.1.43.tgz#c24bc146ca517c1471f5dacbe2571b2b7f9e3346"
  dependencies:
    amdefine ">=0.0.4"

uglify-js@~2.3:
  version "2.3.6"
  resolved "https://registry.yarnpkg.com/uglify-js/-/uglify-js-2.3.6.tgz#fa0984770b428b7a9b2a8058f46355d14fef211a"
  dependencies:
    async "~0.2.6"
    optimist "~0.3.5"
    source-map "~0.1.7"

underscore@1.3.1:
  version "1.3.1"
  resolved "https://registry.yarnpkg.com/underscore/-/underscore-1.3.1.tgz#6cb8aad0e77eb5dbbfb54b22bcd8697309cf9641"

url@^0.11.0:
  version "0.11.0"
  resolved "https://registry.yarnpkg.com/url/-/url-0.11.0.tgz#3838e97cfc60521eb73c525a8e55bfdd9e2e28f1"
  dependencies:
    punycode "1.3.2"
    querystring "0.2.0"

which@1.0.x:
  version "1.0.9"
  resolved "https://registry.yarnpkg.com/which/-/which-1.0.9.tgz#460c1da0f810103d0321a9b633af9e575e64486f"

wordwrap@0.0.x, wordwrap@~0.0.2:
  version "0.0.3"
  resolved "https://registry.yarnpkg.com/wordwrap/-/wordwrap-0.0.3.tgz#a3d5da6cd5c0bc0008d37234bbaf1bed63059107"
